// !$*UTF8*$!
{
	archiveVersion = 1;
	classes = {
	};
	objectVersion = 56;
	objects = {

/* Begin PBXBuildFile section */
		A10000010000000000000001 /* WorkoutTrackerApp.swift in Sources */ = {isa = PBXBuildFile; fileRef = A20000010000000000000001 /* WorkoutTrackerApp.swift */; };
		A10000010000000000000002 /* ContentView.swift in Sources */ = {isa = PBXBuildFile; fileRef = A20000010000000000000002 /* ContentView.swift */; };
		A10000010000000000000003 /* Assets.xcassets in Resources */ = {isa = PBXBuildFile; fileRef = A20000010000000000000003 /* Assets.xcassets */; };
		A10000010000000000000010 /* ExerciseTemplate.swift in Sources */ = {isa = PBXBuildFile; fileRef = A20000010000000000000010 /* ExerciseTemplate.swift */; };
		A10000010000000000000011 /* Workout.swift in Sources */ = {isa = PBXBuildFile; fileRef = A20000010000000000000011 /* Workout.swift */; };
		A10000010000000000000012 /* WorkoutExercise.swift in Sources */ = {isa = PBXBuildFile; fileRef = A20000010000000000000012 /* WorkoutExercise.swift */; };
		A10000010000000000000013 /* ExerciseSet.swift in Sources */ = {isa = PBXBuildFile; fileRef = A20000010000000000000013 /* ExerciseSet.swift */; };
		A10000010000000000000014 /* CardioEntry.swift in Sources */ = {isa = PBXBuildFile; fileRef = A20000010000000000000014 /* CardioEntry.swift */; };
		A10000010000000000000020 /* WorkoutTab.swift in Sources */ = {isa = PBXBuildFile; fileRef = A20000010000000000000020 /* WorkoutTab.swift */; };
		A10000010000000000000021 /* ActiveWorkoutView.swift in Sources */ = {isa = PBXBuildFile; fileRef = A20000010000000000000021 /* ActiveWorkoutView.swift */; };
		A10000010000000000000022 /* AddExerciseSheet.swift in Sources */ = {isa = PBXBuildFile; fileRef = A20000010000000000000022 /* AddExerciseSheet.swift */; };
		A10000010000000000000030 /* HistoryTab.swift in Sources */ = {isa = PBXBuildFile; fileRef = A20000010000000000000030 /* HistoryTab.swift */; };
		A10000010000000000000031 /* WorkoutDetailView.swift in Sources */ = {isa = PBXBuildFile; fileRef = A20000010000000000000031 /* WorkoutDetailView.swift */; };
		A10000010000000000000040 /* ExercisesTab.swift in Sources */ = {isa = PBXBuildFile; fileRef = A20000010000000000000040 /* ExercisesTab.swift */; };
		A10000010000000000000041 /* AddExerciseForm.swift in Sources */ = {isa = PBXBuildFile; fileRef = A20000010000000000000041 /* AddExerciseForm.swift */; };
		A10000010000000000000050 /* SettingsTab.swift in Sources */ = {isa = PBXBuildFile; fileRef = A20000010000000000000050 /* SettingsTab.swift */; };
		A10000010000000000000060 /* ExerciseLibrary.swift in Sources */ = {isa = PBXBuildFile; fileRef = A20000010000000000000060 /* ExerciseLibrary.swift */; };
		C10000010000000000000001 /* WorkoutTrackerTests.swift in Sources */ = {isa = PBXBuildFile; fileRef = C20000010000000000000001 /* WorkoutTrackerTests.swift */; };
		A10000010000000000000070 /* Routine.swift in Sources */ = {isa = PBXBuildFile; fileRef = A20000010000000000000070 /* Routine.swift */; };
		A10000010000000000000071 /* RoutineExercise.swift in Sources */ = {isa = PBXBuildFile; fileRef = A20000010000000000000071 /* RoutineExercise.swift */; };
		A10000010000000000000072 /* RoutineFormView.swift in Sources */ = {isa = PBXBuildFile; fileRef = A20000010000000000000072 /* RoutineFormView.swift */; };
		A10000010000000000000073 /* RoutineDetailView.swift in Sources */ = {isa = PBXBuildFile; fileRef = A20000010000000000000073 /* RoutineDetailView.swift */; };
		A10000010000000000000080 /* TrainingSplit.swift in Sources */ = {isa = PBXBuildFile; fileRef = A20000010000000000000080 /* TrainingSplit.swift */; };
		A10000010000000000000081 /* SplitRoutine.swift in Sources */ = {isa = PBXBuildFile; fileRef = A20000010000000000000081 /* SplitRoutine.swift */; };
		A10000010000000000000082 /* SplitFormView.swift in Sources */ = {isa = PBXBuildFile; fileRef = A20000010000000000000082 /* SplitFormView.swift */; };
		A10000010000000000000083 /* SplitDetailView.swift in Sources */ = {isa = PBXBuildFile; fileRef = A20000010000000000000083 /* SplitDetailView.swift */; };
		A10000010000000000000090 /* PersonalRecord.swift in Sources */ = {isa = PBXBuildFile; fileRef = A20000010000000000000090 /* PersonalRecord.swift */; };
		A10000010000000000000091 /* ExerciseDetailView.swift in Sources */ = {isa = PBXBuildFile; fileRef = A20000010000000000000091 /* ExerciseDetailView.swift */; };
		A10000010000000000000100 /* Secrets.swift in Sources */ = {isa = PBXBuildFile; fileRef = A20000010000000000000100 /* Secrets.swift */; };
		A10000010000000000000101 /* GeminiClient.swift in Sources */ = {isa = PBXBuildFile; fileRef = A20000010000000000000101 /* GeminiClient.swift */; };
		A10000010000000000000102 /* AIRoutineGenerator.swift in Sources */ = {isa = PBXBuildFile; fileRef = A20000010000000000000102 /* AIRoutineGenerator.swift */; };
		A10000010000000000000103 /* AISplitGenerator.swift in Sources */ = {isa = PBXBuildFile; fileRef = A20000010000000000000103 /* AISplitGenerator.swift */; };
		A10000010000000000000104 /* AISetSuggester.swift in Sources */ = {isa = PBXBuildFile; fileRef = A20000010000000000000104 /* AISetSuggester.swift */; };
		A10000010000000000000105 /* AIRoutineSheet.swift in Sources */ = {isa = PBXBuildFile; fileRef = A20000010000000000000105 /* AIRoutineSheet.swift */; };
		A10000010000000000000106 /* AISplitSheet.swift in Sources */ = {isa = PBXBuildFile; fileRef = A20000010000000000000106 /* AISplitSheet.swift */; };
/* End PBXBuildFile section */

/* Begin PBXFileReference section */
		A20000010000000000000000 /* WorkoutTracker.app */ = {isa = PBXFileReference; explicitFileType = wrapper.application; includeInIndex = 0; path = WorkoutTracker.app; sourceTree = BUILT_PRODUCTS_DIR; };
		A20000010000000000000001 /* WorkoutTrackerApp.swift */ = {isa = PBXFileReference; lastKnownFileType = sourcecode.swift; path = WorkoutTrackerApp.swift; sourceTree = "<group>"; };
		A20000010000000000000002 /* ContentView.swift */ = {isa = PBXFileReference; lastKnownFileType = sourcecode.swift; path = ContentView.swift; sourceTree = "<group>"; };
		A20000010000000000000003 /* Assets.xcassets */ = {isa = PBXFileReference; lastKnownFileType = folder.assetcatalog; path = Assets.xcassets; sourceTree = "<group>"; };
		A20000010000000000000010 /* ExerciseTemplate.swift */ = {isa = PBXFileReference; lastKnownFileType = sourcecode.swift; path = ExerciseTemplate.swift; sourceTree = "<group>"; };
		A20000010000000000000011 /* Workout.swift */ = {isa = PBXFileReference; lastKnownFileType = sourcecode.swift; path = Workout.swift; sourceTree = "<group>"; };
		A20000010000000000000012 /* WorkoutExercise.swift */ = {isa = PBXFileReference; lastKnownFileType = sourcecode.swift; path = WorkoutExercise.swift; sourceTree = "<group>"; };
		A20000010000000000000013 /* ExerciseSet.swift */ = {isa = PBXFileReference; lastKnownFileType = sourcecode.swift; path = ExerciseSet.swift; sourceTree = "<group>"; };
		A20000010000000000000014 /* CardioEntry.swift */ = {isa = PBXFileReference; lastKnownFileType = sourcecode.swift; path = CardioEntry.swift; sourceTree = "<group>"; };
		A20000010000000000000020 /* WorkoutTab.swift */ = {isa = PBXFileReference; lastKnownFileType = sourcecode.swift; path = WorkoutTab.swift; sourceTree = "<group>"; };
		A20000010000000000000021 /* ActiveWorkoutView.swift */ = {isa = PBXFileReference; lastKnownFileType = sourcecode.swift; path = ActiveWorkoutView.swift; sourceTree = "<group>"; };
		A20000010000000000000022 /* AddExerciseSheet.swift */ = {isa = PBXFileReference; lastKnownFileType = sourcecode.swift; path = AddExerciseSheet.swift; sourceTree = "<group>"; };
		A20000010000000000000030 /* HistoryTab.swift */ = {isa = PBXFileReference; lastKnownFileType = sourcecode.swift; path = HistoryTab.swift; sourceTree = "<group>"; };
		A20000010000000000000031 /* WorkoutDetailView.swift */ = {isa = PBXFileReference; lastKnownFileType = sourcecode.swift; path = WorkoutDetailView.swift; sourceTree = "<group>"; };
		A20000010000000000000040 /* ExercisesTab.swift */ = {isa = PBXFileReference; lastKnownFileType = sourcecode.swift; path = ExercisesTab.swift; sourceTree = "<group>"; };
		A20000010000000000000041 /* AddExerciseForm.swift */ = {isa = PBXFileReference; lastKnownFileType = sourcecode.swift; path = AddExerciseForm.swift; sourceTree = "<group>"; };
		A20000010000000000000050 /* SettingsTab.swift */ = {isa = PBXFileReference; lastKnownFileType = sourcecode.swift; path = SettingsTab.swift; sourceTree = "<group>"; };
		A20000010000000000000060 /* ExerciseLibrary.swift */ = {isa = PBXFileReference; lastKnownFileType = sourcecode.swift; path = ExerciseLibrary.swift; sourceTree = "<group>"; };
		C20000010000000000000000 /* WorkoutTrackerTests.xctest */ = {isa = PBXFileReference; explicitFileType = wrapper.cfbundle; includeInIndex = 0; path = WorkoutTrackerTests.xctest; sourceTree = BUILT_PRODUCTS_DIR; };
		C20000010000000000000001 /* WorkoutTrackerTests.swift */ = {isa = PBXFileReference; lastKnownFileType = sourcecode.swift; path = WorkoutTrackerTests.swift; sourceTree = "<group>"; };
		A20000010000000000000070 /* Routine.swift */ = {isa = PBXFileReference; lastKnownFileType = sourcecode.swift; path = Routine.swift; sourceTree = "<group>"; };
		A20000010000000000000071 /* RoutineExercise.swift */ = {isa = PBXFileReference; lastKnownFileType = sourcecode.swift; path = RoutineExercise.swift; sourceTree = "<group>"; };
		A20000010000000000000072 /* RoutineFormView.swift */ = {isa = PBXFileReference; lastKnownFileType = sourcecode.swift; path = RoutineFormView.swift; sourceTree = "<group>"; };
		A20000010000000000000073 /* RoutineDetailView.swift */ = {isa = PBXFileReference; lastKnownFileType = sourcecode.swift; path = RoutineDetailView.swift; sourceTree = "<group>"; };
		A20000010000000000000080 /* TrainingSplit.swift */ = {isa = PBXFileReference; lastKnownFileType = sourcecode.swift; path = TrainingSplit.swift; sourceTree = "<group>"; };
		A20000010000000000000081 /* SplitRoutine.swift */ = {isa = PBXFileReference; lastKnownFileType = sourcecode.swift; path = SplitRoutine.swift; sourceTree = "<group>"; };
		A20000010000000000000082 /* SplitFormView.swift */ = {isa = PBXFileReference; lastKnownFileType = sourcecode.swift; path = SplitFormView.swift; sourceTree = "<group>"; };
		A20000010000000000000083 /* SplitDetailView.swift */ = {isa = PBXFileReference; lastKnownFileType = sourcecode.swift; path = SplitDetailView.swift; sourceTree = "<group>"; };
		A20000010000000000000090 /* PersonalRecord.swift */ = {isa = PBXFileReference; lastKnownFileType = sourcecode.swift; path = PersonalRecord.swift; sourceTree = "<group>"; };
		A20000010000000000000091 /* ExerciseDetailView.swift */ = {isa = PBXFileReference; lastKnownFileType = sourcecode.swift; path = ExerciseDetailView.swift; sourceTree = "<group>"; };
		A20000010000000000000100 /* Secrets.swift */ = {isa = PBXFileReference; lastKnownFileType = sourcecode.swift; path = Secrets.swift; sourceTree = "<group>"; };
		A20000010000000000000101 /* GeminiClient.swift */ = {isa = PBXFileReference; lastKnownFileType = sourcecode.swift; path = GeminiClient.swift; sourceTree = "<group>"; };
		A20000010000000000000102 /* AIRoutineGenerator.swift */ = {isa = PBXFileReference; lastKnownFileType = sourcecode.swift; path = AIRoutineGenerator.swift; sourceTree = "<group>"; };
		A20000010000000000000103 /* AISplitGenerator.swift */ = {isa = PBXFileReference; lastKnownFileType = sourcecode.swift; path = AISplitGenerator.swift; sourceTree = "<group>"; };
		A20000010000000000000104 /* AISetSuggester.swift */ = {isa = PBXFileReference; lastKnownFileType = sourcecode.swift; path = AISetSuggester.swift; sourceTree = "<group>"; };
		A20000010000000000000105 /* AIRoutineSheet.swift */ = {isa = PBXFileReference; lastKnownFileType = sourcecode.swift; path = AIRoutineSheet.swift; sourceTree = "<group>"; };
		A20000010000000000000106 /* AISplitSheet.swift */ = {isa = PBXFileReference; lastKnownFileType = sourcecode.swift; path = AISplitSheet.swift; sourceTree = "<group>"; };
/* End PBXFileReference section */

/* Begin PBXFrameworksBuildPhase section */
		A30000010000000000000001 /* Frameworks */ = {
			isa = PBXFrameworksBuildPhase;
			buildActionMask = 2147483647;
			files = (
			);
			runOnlyForDeploymentPostprocessing = 0;
		};
		C30000010000000000000001 /* Frameworks */ = {
			isa = PBXFrameworksBuildPhase;
			buildActionMask = 2147483647;
			files = (
			);
			runOnlyForDeploymentPostprocessing = 0;
		};
/* End PBXFrameworksBuildPhase section */

/* Begin PBXGroup section */
		A40000010000000000000000 = {
			isa = PBXGroup;
			children = (
				A40000010000000000000001 /* WorkoutTracker */,
				C40000010000000000000001 /* WorkoutTrackerTests */,
				A40000010000000000000099 /* Products */,
			);
			sourceTree = "<group>";
		};
		C40000010000000000000001 /* WorkoutTrackerTests */ = {
			isa = PBXGroup;
			children = (
				C20000010000000000000001 /* WorkoutTrackerTests.swift */,
			);
			path = WorkoutTrackerTests;
			sourceTree = "<group>";
		};
		A40000010000000000000001 /* WorkoutTracker */ = {
			isa = PBXGroup;
			children = (
				A20000010000000000000001 /* WorkoutTrackerApp.swift */,
				A20000010000000000000002 /* ContentView.swift */,
				A40000010000000000000010 /* Models */,
				A40000010000000000000020 /* Views */,
				A40000010000000000000060 /* Data */,
				A40000010000000000000100 /* Services */,
				A20000010000000000000003 /* Assets.xcassets */,
			);
			path = WorkoutTracker;
			sourceTree = "<group>";
		};
		A40000010000000000000010 /* Models */ = {
			isa = PBXGroup;
			children = (
				A20000010000000000000010 /* ExerciseTemplate.swift */,
				A20000010000000000000011 /* Workout.swift */,
				A20000010000000000000012 /* WorkoutExercise.swift */,
				A20000010000000000000013 /* ExerciseSet.swift */,
				A20000010000000000000014 /* CardioEntry.swift */,
				A20000010000000000000070 /* Routine.swift */,
				A20000010000000000000071 /* RoutineExercise.swift */,
				A20000010000000000000080 /* TrainingSplit.swift */,
				A20000010000000000000081 /* SplitRoutine.swift */,
				A20000010000000000000090 /* PersonalRecord.swift */,
			);
			path = Models;
			sourceTree = "<group>";
		};
		A40000010000000000000020 /* Views */ = {
			isa = PBXGroup;
			children = (
				A40000010000000000000021 /* Workout */,
				A40000010000000000000030 /* History */,
				A40000010000000000000040 /* Exercises */,
				A40000010000000000000050 /* Settings */,
			);
			path = Views;
			sourceTree = "<group>";
		};
		A40000010000000000000021 /* Workout */ = {
			isa = PBXGroup;
			children = (
				A20000010000000000000020 /* WorkoutTab.swift */,
				A20000010000000000000021 /* ActiveWorkoutView.swift */,
				A20000010000000000000022 /* AddExerciseSheet.swift */,
				A20000010000000000000072 /* RoutineFormView.swift */,
				A20000010000000000000073 /* RoutineDetailView.swift */,
				A20000010000000000000082 /* SplitFormView.swift */,
				A20000010000000000000083 /* SplitDetailView.swift */,
				A20000010000000000000105 /* AIRoutineSheet.swift */,
				A20000010000000000000106 /* AISplitSheet.swift */,
			);
			path = Workout;
			sourceTree = "<group>";
		};
		A40000010000000000000030 /* History */ = {
			isa = PBXGroup;
			children = (
				A20000010000000000000030 /* HistoryTab.swift */,
				A20000010000000000000031 /* WorkoutDetailView.swift */,
			);
			path = History;
			sourceTree = "<group>";
		};
		A40000010000000000000040 /* Exercises */ = {
			isa = PBXGroup;
			children = (
				A20000010000000000000040 /* ExercisesTab.swift */,
				A20000010000000000000041 /* AddExerciseForm.swift */,
				A20000010000000000000091 /* ExerciseDetailView.swift */,
			);
			path = Exercises;
			sourceTree = "<group>";
		};
		A40000010000000000000050 /* Settings */ = {
			isa = PBXGroup;
			children = (
				A20000010000000000000050 /* SettingsTab.swift */,
			);
			path = Settings;
			sourceTree = "<group>";
		};
		A40000010000000000000060 /* Data */ = {
			isa = PBXGroup;
			children = (
				A20000010000000000000060 /* ExerciseLibrary.swift */,
			);
			path = Data;
			sourceTree = "<group>";
		};
		A40000010000000000000100 /* Services */ = {
			isa = PBXGroup;
			children = (
				A20000010000000000000100 /* Secrets.swift */,
				A20000010000000000000101 /* GeminiClient.swift */,
				A20000010000000000000102 /* AIRoutineGenerator.swift */,
				A20000010000000000000103 /* AISplitGenerator.swift */,
				A20000010000000000000104 /* AISetSuggester.swift */,
			);
			path = Services;
			sourceTree = "<group>";
		};
		A40000010000000000000099 /* Products */ = {
			isa = PBXGroup;
			children = (
				A20000010000000000000000 /* WorkoutTracker.app */,
				C20000010000000000000000 /* WorkoutTrackerTests.xctest */,
			);
			name = Products;
			sourceTree = "<group>";
		};
/* End PBXGroup section */

/* Begin PBXNativeTarget section */
		A50000010000000000000001 /* WorkoutTracker */ = {
			isa = PBXNativeTarget;
			buildConfigurationList = A80000010000000000000001 /* Build configuration list for PBXNativeTarget "WorkoutTracker" */;
			buildPhases = (
				A60000010000000000000001 /* Sources */,
				A30000010000000000000001 /* Frameworks */,
				A70000010000000000000001 /* Resources */,
			);
			buildRules = (
			);
			dependencies = (
			);
			name = WorkoutTracker;
			productName = WorkoutTracker;
			productReference = A20000010000000000000000 /* WorkoutTracker.app */;
			productType = "com.apple.product-type.application";
		};
		C50000010000000000000001 /* WorkoutTrackerTests */ = {
			isa = PBXNativeTarget;
			buildConfigurationList = C90000010000000000000001 /* Build configuration list for PBXNativeTarget "WorkoutTrackerTests" */;
			buildPhases = (
				C60000010000000000000001 /* Sources */,
				C30000010000000000000001 /* Frameworks */,
			);
			buildRules = (
			);
			dependencies = (
				C80000010000000000000001 /* PBXTargetDependency */,
			);
			name = WorkoutTrackerTests;
			productName = WorkoutTrackerTests;
			productReference = C20000010000000000000000 /* WorkoutTrackerTests.xctest */;
			productType = "com.apple.product-type.bundle.unit-test";
		};
/* End PBXNativeTarget section */

/* Begin PBXProject section */
		A90000010000000000000001 /* Project object */ = {
			isa = PBXProject;
			attributes = {
				BuildIndependentTargetsInParallel = 1;
				LastSwiftUpdateCheck = 1540;
				LastUpgradeCheck = 2640;
				TargetAttributes = {
					A50000010000000000000001 = {
						CreatedOnToolsVersion = 15.4;
					};
					C50000010000000000000001 = {
						CreatedOnToolsVersion = 15.4;
						TestTargetID = A50000010000000000000001;
					};
				};
			};
			buildConfigurationList = A80000010000000000000002 /* Build configuration list for PBXProject "WorkoutTracker" */;
			compatibilityVersion = "Xcode 14.0";
			developmentRegion = en;
			hasScannedForEncodings = 0;
			knownRegions = (
				en,
				Base,
			);
			mainGroup = A40000010000000000000000;
			productRefGroup = A40000010000000000000099 /* Products */;
			projectDirPath = "";
			projectRoot = "";
			targets = (
				A50000010000000000000001 /* WorkoutTracker */,
				C50000010000000000000001 /* WorkoutTrackerTests */,
			);
		};
/* End PBXProject section */

/* Begin PBXResourcesBuildPhase section */
		A70000010000000000000001 /* Resources */ = {
			isa = PBXResourcesBuildPhase;
			buildActionMask = 2147483647;
			files = (
				A10000010000000000000003 /* Assets.xcassets in Resources */,
			);
			runOnlyForDeploymentPostprocessing = 0;
		};
/* End PBXResourcesBuildPhase section */

/* Begin PBXSourcesBuildPhase section */
		A60000010000000000000001 /* Sources */ = {
			isa = PBXSourcesBuildPhase;
			buildActionMask = 2147483647;
			files = (
				A10000010000000000000001 /* WorkoutTrackerApp.swift in Sources */,
				A10000010000000000000002 /* ContentView.swift in Sources */,
				A10000010000000000000010 /* ExerciseTemplate.swift in Sources */,
				A10000010000000000000011 /* Workout.swift in Sources */,
				A10000010000000000000012 /* WorkoutExercise.swift in Sources */,
				A10000010000000000000013 /* ExerciseSet.swift in Sources */,
				A10000010000000000000014 /* CardioEntry.swift in Sources */,
				A10000010000000000000020 /* WorkoutTab.swift in Sources */,
				A10000010000000000000021 /* ActiveWorkoutView.swift in Sources */,
				A10000010000000000000022 /* AddExerciseSheet.swift in Sources */,
				A10000010000000000000030 /* HistoryTab.swift in Sources */,
				A10000010000000000000031 /* WorkoutDetailView.swift in Sources */,
				A10000010000000000000040 /* ExercisesTab.swift in Sources */,
				A10000010000000000000041 /* AddExerciseForm.swift in Sources */,
				A10000010000000000000050 /* SettingsTab.swift in Sources */,
				A10000010000000000000060 /* ExerciseLibrary.swift in Sources */,
				A10000010000000000000070 /* Routine.swift in Sources */,
				A10000010000000000000071 /* RoutineExercise.swift in Sources */,
				A10000010000000000000072 /* RoutineFormView.swift in Sources */,
				A10000010000000000000073 /* RoutineDetailView.swift in Sources */,
				A10000010000000000000080 /* TrainingSplit.swift in Sources */,
				A10000010000000000000081 /* SplitRoutine.swift in Sources */,
				A10000010000000000000082 /* SplitFormView.swift in Sources */,
				A10000010000000000000083 /* SplitDetailView.swift in Sources */,
				A10000010000000000000090 /* PersonalRecord.swift in Sources */,
				A10000010000000000000091 /* ExerciseDetailView.swift in Sources */,
				A10000010000000000000100 /* Secrets.swift in Sources */,
				A10000010000000000000101 /* GeminiClient.swift in Sources */,
				A10000010000000000000102 /* AIRoutineGenerator.swift in Sources */,
				A10000010000000000000103 /* AISplitGenerator.swift in Sources */,
				A10000010000000000000104 /* AISetSuggester.swift in Sources */,
				A10000010000000000000105 /* AIRoutineSheet.swift in Sources */,
				A10000010000000000000106 /* AISplitSheet.swift in Sources */,
			);
			runOnlyForDeploymentPostprocessing = 0;
		};
		C60000010000000000000001 /* Sources */ = {
			isa = PBXSourcesBuildPhase;
			buildActionMask = 2147483647;
			files = (
				C10000010000000000000001 /* WorkoutTrackerTests.swift in Sources */,
			);
			runOnlyForDeploymentPostprocessing = 0;
		};
/* End PBXSourcesBuildPhase section */

/* Begin PBXContainerItemProxy section */
		C70000010000000000000001 /* PBXContainerItemProxy */ = {
			isa = PBXContainerItemProxy;
			containerPortal = A90000010000000000000001 /* Project object */;
			proxyType = 1;
			remoteGlobalIDString = A50000010000000000000001;
			remoteInfo = WorkoutTracker;
		};
/* End PBXContainerItemProxy section */

/* Begin PBXTargetDependency section */
		C80000010000000000000001 /* PBXTargetDependency */ = {
			isa = PBXTargetDependency;
			target = A50000010000000000000001 /* WorkoutTracker */;
			targetProxy = C70000010000000000000001 /* PBXContainerItemProxy */;
		};
/* End PBXTargetDependency section */

/* Begin XCBuildConfiguration section */
		B10000010000000000000001 /* Debug */ = {
			isa = XCBuildConfiguration;
			buildSettings = {
				ALWAYS_SEARCH_USER_PATHS = NO;
				ASSETCATALOG_COMPILER_GENERATE_SWIFT_ASSET_SYMBOL_EXTENSIONS = YES;
				CLANG_ANALYZER_NONNULL = YES;
				CLANG_ANALYZER_NUMBER_OBJECT_CONVERSION = YES_AGGRESSIVE;
				CLANG_CXX_LANGUAGE_STANDARD = "gnu++20";
				CLANG_ENABLE_MODULES = YES;
				CLANG_ENABLE_OBJC_ARC = YES;
				CLANG_ENABLE_OBJC_WEAK = YES;
				CLANG_WARN_BLOCK_CAPTURE_AUTORELEASING = YES;
				CLANG_WARN_BOOL_CONVERSION = YES;
				CLANG_WARN_COMMA = YES;
				CLANG_WARN_CONSTANT_CONVERSION = YES;
				CLANG_WARN_DEPRECATED_OBJC_IMPLEMENTATIONS = YES;
				CLANG_WARN_DIRECT_OBJC_ISA_USAGE = YES_ERROR;
				CLANG_WARN_DOCUMENTATION_COMMENTS = YES;
				CLANG_WARN_EMPTY_BODY = YES;
				CLANG_WARN_ENUM_CONVERSION = YES;
				CLANG_WARN_INFINITE_RECURSION = YES;
				CLANG_WARN_INT_CONVERSION = YES;
				CLANG_WARN_NON_LITERAL_NULL_CONVERSION = YES;
				CLANG_WARN_OBJC_IMPLICIT_RETAIN_SELF = YES;
				CLANG_WARN_OBJC_LITERAL_CONVERSION = YES;
				CLANG_WARN_OBJC_ROOT_CLASS = YES_ERROR;
				CLANG_WARN_QUOTED_INCLUDE_IN_FRAMEWORK_HEADER = YES;
				CLANG_WARN_RANGE_LOOP_ANALYSIS = YES;
				CLANG_WARN_STRICT_PROTOTYPES = YES;
				CLANG_WARN_SUSPICIOUS_MOVE = YES;
				CLANG_WARN_UNGUARDED_AVAILABILITY = YES_AGGRESSIVE;
				CLANG_WARN_UNREACHABLE_CODE = YES;
				CLANG_WARN__DUPLICATE_METHOD_MATCH = YES;
				COPY_PHASE_STRIP = NO;
				DEBUG_INFORMATION_FORMAT = dwarf;
				ENABLE_STRICT_OBJC_MSGSEND = YES;
				ENABLE_TESTABILITY = YES;
				ENABLE_USER_SCRIPT_SANDBOXING = YES;
				GCC_C_LANGUAGE_STANDARD = gnu17;
				GCC_DYNAMIC_NO_PIC = NO;
				GCC_NO_COMMON_BLOCKS = YES;
				GCC_OPTIMIZATION_LEVEL = 0;
				GCC_PREPROCESSOR_DEFINITIONS = (
					"DEBUG=1",
					"$(inherited)",
				);
				GCC_WARN_64_TO_32_BIT_CONVERSION = YES;
				GCC_WARN_ABOUT_RETURN_TYPE = YES_ERROR;
				GCC_WARN_UNDECLARED_SELECTOR = YES;
				GCC_WARN_UNINITIALIZED_AUTOS = YES_AGGRESSIVE;
				GCC_WARN_UNUSED_FUNCTION = YES;
				GCC_WARN_UNUSED_VARIABLE = YES;
				IPHONEOS_DEPLOYMENT_TARGET = 17.0;
				MTL_ENABLE_DEBUG_INFO = INCLUDE_SOURCE;
				MTL_FAST_MATH = YES;
				ONLY_ACTIVE_ARCH = YES;
				SDKROOT = iphoneos;
				STRING_CATALOG_GENERATE_SYMBOLS = YES;
				SWIFT_ACTIVE_COMPILATION_CONDITIONS = "DEBUG $(inherited)";
				SWIFT_OPTIMIZATION_LEVEL = "-Onone";
			};
			name = Debug;
		};
		B10000010000000000000002 /* Release */ = {
			isa = XCBuildConfiguration;
			buildSettings = {
				ALWAYS_SEARCH_USER_PATHS = NO;
				ASSETCATALOG_COMPILER_GENERATE_SWIFT_ASSET_SYMBOL_EXTENSIONS = YES;
				CLANG_ANALYZER_NONNULL = YES;
				CLANG_ANALYZER_NUMBER_OBJECT_CONVERSION = YES_AGGRESSIVE;
				CLANG_CXX_LANGUAGE_STANDARD = "gnu++20";
				CLANG_ENABLE_MODULES = YES;
				CLANG_ENABLE_OBJC_ARC = YES;
				CLANG_ENABLE_OBJC_WEAK = YES;
				CLANG_WARN_BLOCK_CAPTURE_AUTORELEASING = YES;
				CLANG_WARN_BOOL_CONVERSION = YES;
				CLANG_WARN_COMMA = YES;
				CLANG_WARN_CONSTANT_CONVERSION = YES;
				CLANG_WARN_DEPRECATED_OBJC_IMPLEMENTATIONS = YES;
				CLANG_WARN_DIRECT_OBJC_ISA_USAGE = YES_ERROR;
				CLANG_WARN_DOCUMENTATION_COMMENTS = YES;
				CLANG_WARN_EMPTY_BODY = YES;
				CLANG_WARN_ENUM_CONVERSION = YES;
				CLANG_WARN_INFINITE_RECURSION = YES;
				CLANG_WARN_INT_CONVERSION = YES;
				CLANG_WARN_NON_LITERAL_NULL_CONVERSION = YES;
				CLANG_WARN_OBJC_IMPLICIT_RETAIN_SELF = YES;
				CLANG_WARN_OBJC_LITERAL_CONVERSION = YES;
				CLANG_WARN_OBJC_ROOT_CLASS = YES_ERROR;
				CLANG_WARN_QUOTED_INCLUDE_IN_FRAMEWORK_HEADER = YES;
				CLANG_WARN_RANGE_LOOP_ANALYSIS = YES;
				CLANG_WARN_STRICT_PROTOTYPES = YES;
				CLANG_WARN_SUSPICIOUS_MOVE = YES;
				CLANG_WARN_UNGUARDED_AVAILABILITY = YES_AGGRESSIVE;
				CLANG_WARN_UNREACHABLE_CODE = YES;
				CLANG_WARN__DUPLICATE_METHOD_MATCH = YES;
				COPY_PHASE_STRIP = NO;
				DEBUG_INFORMATION_FORMAT = "dwarf-with-dsym";
				ENABLE_NS_ASSERTIONS = NO;
				ENABLE_STRICT_OBJC_MSGSEND = YES;
				ENABLE_USER_SCRIPT_SANDBOXING = YES;
				GCC_C_LANGUAGE_STANDARD = gnu17;
				GCC_NO_COMMON_BLOCKS = YES;
				GCC_WARN_64_TO_32_BIT_CONVERSION = YES;
				GCC_WARN_ABOUT_RETURN_TYPE = YES_ERROR;
				GCC_WARN_UNDECLARED_SELECTOR = YES;
				GCC_WARN_UNINITIALIZED_AUTOS = YES_AGGRESSIVE;
				GCC_WARN_UNUSED_FUNCTION = YES;
				GCC_WARN_UNUSED_VARIABLE = YES;
				IPHONEOS_DEPLOYMENT_TARGET = 17.0;
				MTL_ENABLE_DEBUG_INFO = NO;
				MTL_FAST_MATH = YES;
				SDKROOT = iphoneos;
				STRING_CATALOG_GENERATE_SYMBOLS = YES;
				SWIFT_COMPILATION_MODE = wholemodule;
				VALIDATE_PRODUCT = YES;
			};
			name = Release;
		};
		B10000010000000000000003 /* Debug */ = {
			isa = XCBuildConfiguration;
			buildSettings = {
				ASSETCATALOG_COMPILER_APPICON_NAME = AppIcon;
				ASSETCATALOG_COMPILER_GLOBAL_ACCENT_COLOR_NAME = AccentColor;
				CODE_SIGN_STYLE = Automatic;
				CURRENT_PROJECT_VERSION = 1;
				DEVELOPMENT_TEAM = "";
				ENABLE_PREVIEWS = YES;
				GENERATE_INFOPLIST_FILE = YES;
				INFOPLIST_KEY_CFBundleDisplayName = "Workout Tracker";
				INFOPLIST_KEY_UIApplicationSceneManifest_Generation = YES;
				INFOPLIST_KEY_UIApplicationSupportsIndirectInputEvents = YES;
				INFOPLIST_KEY_UILaunchScreen_Generation = YES;
				INFOPLIST_KEY_UISupportedInterfaceOrientations_iPad = "UIInterfaceOrientationPortrait UIInterfaceOrientationPortraitUpsideDown UIInterfaceOrientationLandscapeLeft UIInterfaceOrientationLandscapeRight";
				INFOPLIST_KEY_UISupportedInterfaceOrientations_iPhone = "UIInterfaceOrientationPortrait UIInterfaceOrientationLandscapeLeft UIInterfaceOrientationLandscapeRight";
				LD_RUNPATH_SEARCH_PATHS = (
					"$(inherited)",
					"@executable_path/Frameworks",
				);
				MARKETING_VERSION = 1.10.0;
				PRODUCT_BUNDLE_IDENTIFIER = com.workouttracker.app;
				PRODUCT_NAME = "$(TARGET_NAME)";
				SWIFT_EMIT_LOC_STRINGS = YES;
				SWIFT_VERSION = 5.0;
				TARGETED_DEVICE_FAMILY = "1,2";
			};
			name = Debug;
		};
		B10000010000000000000004 /* Release */ = {
			isa = XCBuildConfiguration;
			buildSettings = {
				ASSETCATALOG_COMPILER_APPICON_NAME = AppIcon;
				ASSETCATALOG_COMPILER_GLOBAL_ACCENT_COLOR_NAME = AccentColor;
				CODE_SIGN_STYLE = Automatic;
				CURRENT_PROJECT_VERSION = 1;
				DEVELOPMENT_TEAM = "";
				ENABLE_PREVIEWS = YES;
				GENERATE_INFOPLIST_FILE = YES;
				INFOPLIST_KEY_CFBundleDisplayName = "Workout Tracker";
				INFOPLIST_KEY_UIApplicationSceneManifest_Generation = YES;
				INFOPLIST_KEY_UIApplicationSupportsIndirectInputEvents = YES;
				INFOPLIST_KEY_UILaunchScreen_Generation = YES;
				INFOPLIST_KEY_UISupportedInterfaceOrientations_iPad = "UIInterfaceOrientationPortrait UIInterfaceOrientationPortraitUpsideDown UIInterfaceOrientationLandscapeLeft UIInterfaceOrientationLandscapeRight";
				INFOPLIST_KEY_UISupportedInterfaceOrientations_iPhone = "UIInterfaceOrientationPortrait UIInterfaceOrientationLandscapeLeft UIInterfaceOrientationLandscapeRight";
				LD_RUNPATH_SEARCH_PATHS = (
					"$(inherited)",
					"@executable_path/Frameworks",
				);
				MARKETING_VERSION = 1.10.0;
				PRODUCT_BUNDLE_IDENTIFIER = com.workouttracker.app;
				PRODUCT_NAME = "$(TARGET_NAME)";
				SWIFT_EMIT_LOC_STRINGS = YES;
				SWIFT_VERSION = 5.0;
				TARGETED_DEVICE_FAMILY = "1,2";
			};
			name = Release;
		};
		C11000010000000000000001 /* Debug */ = {
			isa = XCBuildConfiguration;
			buildSettings = {
				ALWAYS_SEARCH_USER_PATHS = NO;
				BUNDLE_LOADER = "$(TEST_HOST)";
				CLANG_ANALYZER_NONNULL = YES;
				CLANG_ENABLE_MODULES = YES;
				CODE_SIGN_STYLE = Automatic;
				CURRENT_PROJECT_VERSION = 1;
				DEVELOPMENT_TEAM = "";
				GENERATE_INFOPLIST_FILE = YES;
				IPHONEOS_DEPLOYMENT_TARGET = 17.0;
				MARKETING_VERSION = 1.0;
				PRODUCT_BUNDLE_IDENTIFIER = com.workouttracker.app.tests;
				PRODUCT_NAME = "$(TARGET_NAME)";
				SDKROOT = iphoneos;
				SWIFT_EMIT_LOC_STRINGS = NO;
				SWIFT_VERSION = 5.0;
				TARGETED_DEVICE_FAMILY = "1,2";
				TEST_HOST = "$(BUILT_PRODUCTS_DIR)/WorkoutTracker.app/$(BUNDLE_EXECUTABLE_FOLDER_PATH)/WorkoutTracker";
			};
			name = Debug;
		};
		C11000010000000000000002 /* Release */ = {
			isa = XCBuildConfiguration;
			buildSettings = {
				ALWAYS_SEARCH_USER_PATHS = NO;
				BUNDLE_LOADER = "$(TEST_HOST)";
				CLANG_ANALYZER_NONNULL = YES;
				CLANG_ENABLE_MODULES = YES;
				CODE_SIGN_STYLE = Automatic;
				CURRENT_PROJECT_VERSION = 1;
				DEVELOPMENT_TEAM = "";
				GENERATE_INFOPLIST_FILE = YES;
				IPHONEOS_DEPLOYMENT_TARGET = 17.0;
				MARKETING_VERSION = 1.0;
				PRODUCT_BUNDLE_IDENTIFIER = com.workouttracker.app.tests;
				PRODUCT_NAME = "$(TARGET_NAME)";
				SDKROOT = iphoneos;
				SWIFT_EMIT_LOC_STRINGS = NO;
				SWIFT_VERSION = 5.0;
				TARGETED_DEVICE_FAMILY = "1,2";
				TEST_HOST = "$(BUILT_PRODUCTS_DIR)/WorkoutTracker.app/$(BUNDLE_EXECUTABLE_FOLDER_PATH)/WorkoutTracker";
			};
			name = Release;
		};
/* End XCBuildConfiguration section */

/* Begin XCConfigurationList section */
		A80000010000000000000001 /* Build configuration list for PBXNativeTarget "WorkoutTracker" */ = {
			isa = XCConfigurationList;
			buildConfigurations = (
				B10000010000000000000003 /* Debug */,
				B10000010000000000000004 /* Release */,
			);
			defaultConfigurationIsVisible = 0;
			defaultConfigurationName = Release;
		};
		A80000010000000000000002 /* Build configuration list for PBXProject "WorkoutTracker" */ = {
			isa = XCConfigurationList;
			buildConfigurations = (
				B10000010000000000000001 /* Debug */,
				B10000010000000000000002 /* Release */,
			);
			defaultConfigurationIsVisible = 0;
			defaultConfigurationName = Release;
		};
		C90000010000000000000001 /* Build configuration list for PBXNativeTarget "WorkoutTrackerTests" */ = {
			isa = XCConfigurationList;
			buildConfigurations = (
				C11000010000000000000001 /* Debug */,
				C11000010000000000000002 /* Release */,
			);
			defaultConfigurationIsVisible = 0;
			defaultConfigurationName = Release;
		};
/* End XCConfigurationList section */
	};
	rootObject = A90000010000000000000001 /* Project object */;
}
